
Microsoft Visual Studio Solution File, Format Version 12.00
# Visual Studio Version 16
VisualStudioVersion = 16.0.30804.86
MinimumVisualStudioVersion = 10.0.40219.1
Project("{FAE04EC0-301F-11D3-BF4B-00C04F79EFBC}") = "CLapiConsole", "CLapiConsole\CLapiConsole.csproj", "{C9F08D60-7EB0-4537-8C67-D5DA38D2476B}"
EndProject
Project("{FAE04EC0-301F-11D3-BF4B-00C04F79EFBC}") = "CLapiApi", "CLapiApi\CLapiApi.csproj", "{24F0D6F5-BA25-42A9-B4CB-9AF31B6386D1}"
EndProject
Project("{FAE04EC0-301F-11D3-BF4B-00C04F79EFBC}") = "CLapiTeste", "CLapiTeste\CLapiTeste.csproj", "{485919CF-8DFB-46D0-B5B0-6E95C4C2B55E}"
EndProject
Global
	GlobalSection(SolutionConfigurationPlatforms) = preSolution
		Debug|Any CPU = Debug|Any CPU
		Release|Any CPU = Release|Any CPU
	EndGlobalSection
	GlobalSection(ProjectConfigurationPlatforms) = postSolution
		{C9F08D60-7EB0-4537-8C67-D5DA38D2476B}.Debug|Any CPU.ActiveCfg = Debug|Any CPU
		{C9F08D60-7EB0-4537-8C67-D5DA38D2476B}.Debug|Any CPU.Build.0 = Debug|Any CPU
		{C9F08D60-7EB0-4537-8C67-D5DA38D2476B}.Release|Any CPU.ActiveCfg = Release|Any CPU
		{C9F08D60-7EB0-4537-8C67-D5DA38D2476B}.Release|Any CPU.Build.0 = Release|Any CPU
		{24F0D6F5-BA25-42A9-B4CB-9AF31B6386D1}.Debug|Any CPU.ActiveCfg = Debug|Any CPU
		{24F0D6F5-BA25-42A9-B4CB-9AF31B6386D1}.Debug|Any CPU.Build.0 = Debug|Any CPU
		{24F0D6F5-BA25-42A9-B4CB-9AF31B6386D1}.Release|Any CPU.ActiveCfg = Release|Any CPU
		{24F0D6F5-BA25-42A9-B4CB-9AF31B6386D1}.Release|Any CPU.Build.0 = Release|Any CPU
		{485919CF-8DFB-46D0-B5B0-6E95C4C2B55E}.Debug|Any CPU.ActiveCfg = Debug|Any CPU
		{485919CF-8DFB-46D0-B5B0-6E95C4C2B55E}.Debug|Any CPU.Build.0 = Debug|Any CPU
		{485919CF-8DFB-46D0-B5B0-6E95C4C2B55E}.Release|Any CPU.ActiveCfg = Release|Any CPU
		{485919CF-8DFB-46D0-B5B0-6E95C4C2B55E}.Release|Any CPU.Build.0 = Release|Any CPU
	EndGlobalSection
	GlobalSection(SolutionProperties) = preSolution
		HideSolutionNode = FALSE
	EndGlobalSection
	GlobalSection(ExtensibilityGlobals) = postSolution
		SolutionGuid = {4F68F5AC-BDF9-4852-9F1F-F716B51CF237}
	EndGlobalSection
EndGlobal
